
Microsoft Visual Studio Solution File, Format Version 12.00
# Visual Studio Version 17
VisualStudioVersion = 17.13.35825.156 d17.13
MinimumVisualStudioVersion = 10.0.40219.1
Project("{FAE04EC0-301F-11D3-BF4B-00C04F79EFBC}") = "250319_기본실습", "250319_기본실습\250319_기본실습.csproj", "{23976340-7ECC-4AEF-A947-34D0D0F8F1B4}"
EndProject
Global
	GlobalSection(SolutionConfigurationPlatforms) = preSolution
		Debug|Any CPU = Debug|Any CPU
		Release|Any CPU = Release|Any CPU
	EndGlobalSection
	GlobalSection(ProjectConfigurationPlatforms) = postSolution
		{23976340-7ECC-4AEF-A947-34D0D0F8F1B4}.Debug|Any CPU.ActiveCfg = Debug|Any CPU
		{23976340-7ECC-4AEF-A947-34D0D0F8F1B4}.Debug|Any CPU.Build.0 = Debug|Any CPU
		{23976340-7ECC-4AEF-A947-34D0D0F8F1B4}.Release|Any CPU.ActiveCfg = Release|Any CPU
		{23976340-7ECC-4AEF-A947-34D0D0F8F1B4}.Release|Any CPU.Build.0 = Release|Any CPU
	EndGlobalSection
	GlobalSection(SolutionProperties) = preSolution
		HideSolutionNode = FALSE
	EndGlobalSection
	GlobalSection(ExtensibilityGlobals) = postSolution
		SolutionGuid = {282B90FA-3207-499D-9A92-AACC5C26B547}
	EndGlobalSection
EndGlobal
